
Microsoft Visual Studio Solution File, Format Version 12.00
# Visual Studio Version 17
VisualStudioVersion = 17.7.34031.279
MinimumVisualStudioVersion = 10.0.40219.1
Project("{9A19103F-16F7-4668-BE54-9A1E7A4F7556}") = "ApiCandataCUN", "ApiCandataCUN.csproj", "{99B14F54-35E6-4620-84E4-9A32CD893F12}"
EndProject
Global
	GlobalSection(SolutionConfigurationPlatforms) = preSolution
		Debug|Any CPU = Debug|Any CPU
		Release|Any CPU = Release|Any CPU
	EndGlobalSection
	GlobalSection(ProjectConfigurationPlatforms) = postSolution
		{99B14F54-35E6-4620-84E4-9A32CD893F12}.Debug|Any CPU.ActiveCfg = Debug|Any CPU
		{99B14F54-35E6-4620-84E4-9A32CD893F12}.Debug|Any CPU.Build.0 = Debug|Any CPU
		{99B14F54-35E6-4620-84E4-9A32CD893F12}.Release|Any CPU.ActiveCfg = Release|Any CPU
		{99B14F54-35E6-4620-84E4-9A32CD893F12}.Release|Any CPU.Build.0 = Release|Any CPU
	EndGlobalSection
	GlobalSection(SolutionProperties) = preSolution
		HideSolutionNode = FALSE
	EndGlobalSection
	GlobalSection(ExtensibilityGlobals) = postSolution
		SolutionGuid = {0794F950-B7D8-4993-B3DC-1AC333C54CC3}
	EndGlobalSection
EndGlobal
